
Microsoft Visual Studio Solution File, Format Version 12.00
# Visual Studio Version 17
VisualStudioVersion = 17.8.34525.116
MinimumVisualStudioVersion = 10.0.40219.1
Project("{FAE04EC0-301F-11D3-BF4B-00C04F79EFBC}") = "NugetPackageManager", "NugetPackageManager\NugetPackageManager.csproj", "{31BC1807-9DA1-4941-89CA-9EE53ED36DB8}"
EndProject
Global
	GlobalSection(SolutionConfigurationPlatforms) = preSolution
		Debug|Any CPU = Debug|Any CPU
		Release|Any CPU = Release|Any CPU
	EndGlobalSection
	GlobalSection(ProjectConfigurationPlatforms) = postSolution
		{31BC1807-9DA1-4941-89CA-9EE53ED36DB8}.Debug|Any CPU.ActiveCfg = Debug|Any CPU
		{31BC1807-9DA1-4941-89CA-9EE53ED36DB8}.Debug|Any CPU.Build.0 = Debug|Any CPU
		{31BC1807-9DA1-4941-89CA-9EE53ED36DB8}.Release|Any CPU.ActiveCfg = Release|Any CPU
		{31BC1807-9DA1-4941-89CA-9EE53ED36DB8}.Release|Any CPU.Build.0 = Release|Any CPU
	EndGlobalSection
	GlobalSection(SolutionProperties) = preSolution
		HideSolutionNode = FALSE
	EndGlobalSection
	GlobalSection(ExtensibilityGlobals) = postSolution
		SolutionGuid = {4E7C7C20-0010-4FD6-9497-0DA5ADF8B8DB}
	EndGlobalSection
EndGlobal
